
Microsoft Visual Studio Solution File, Format Version 12.00
# Visual Studio Version 16
VisualStudioVersion = 16.0.33130.400
MinimumVisualStudioVersion = 10.0.40219.1
Project("{F184B08F-C81C-45F6-A57F-5ABD9991F28F}") = "AppPerpus", "AppPerpus\AppPerpus.vbproj", "{8D57036A-45C0-4490-88DA-28F0BEE54E93}"
EndProject
Global
	GlobalSection(SolutionConfigurationPlatforms) = preSolution
		Debug|Any CPU = Debug|Any CPU
		Release|Any CPU = Release|Any CPU
	EndGlobalSection
	GlobalSection(ProjectConfigurationPlatforms) = postSolution
		{8D57036A-45C0-4490-88DA-28F0BEE54E93}.Debug|Any CPU.ActiveCfg = Debug|Any CPU
		{8D57036A-45C0-4490-88DA-28F0BEE54E93}.Debug|Any CPU.Build.0 = Debug|Any CPU
		{8D57036A-45C0-4490-88DA-28F0BEE54E93}.Release|Any CPU.ActiveCfg = Release|Any CPU
		{8D57036A-45C0-4490-88DA-28F0BEE54E93}.Release|Any CPU.Build.0 = Release|Any CPU
	EndGlobalSection
	GlobalSection(SolutionProperties) = preSolution
		HideSolutionNode = FALSE
	EndGlobalSection
	GlobalSection(ExtensibilityGlobals) = postSolution
		SolutionGuid = {5D1F0D2F-E204-442A-8A6B-E5B71A54B368}
	EndGlobalSection
EndGlobal
